// !$*UTF8*$!
{
	archiveVersion = 1;
	classes = {
	};
	objectVersion = 46;
	objects = {

/* Begin PBXBuildFile section */
		7E71DE2F1CCDB645000B0214 /* main.m in Sources */ = {isa = PBXBuildFile; fileRef = 7E71DE2E1CCDB645000B0214 /* main.m */; };
		7E71DE321CCDB645000B0214 /* AppDelegate.m in Sources */ = {isa = PBXBuildFile; fileRef = 7E71DE311CCDB645000B0214 /* AppDelegate.m */; };
		7E71DE351CCDB645000B0214 /* ViewController.m in Sources */ = {isa = PBXBuildFile; fileRef = 7E71DE341CCDB645000B0214 /* ViewController.m */; };
		7E71DE381CCDB646000B0214 /* Main.storyboard in Resources */ = {isa = PBXBuildFile; fileRef = 7E71DE361CCDB646000B0214 /* Main.storyboard */; };
		7E71DE3A1CCDB646000B0214 /* Assets.xcassets in Resources */ = {isa = PBXBuildFile; fileRef = 7E71DE391CCDB646000B0214 /* Assets.xcassets */; };
		7E71DE3D1CCDB646000B0214 /* LaunchScreen.storyboard in Resources */ = {isa = PBXBuildFile; fileRef = 7E71DE3B1CCDB646000B0214 /* LaunchScreen.storyboard */; };
		7E71DE481CCDB646000B0214 /* testkeychainTests.m in Sources */ = {isa = PBXBuildFile; fileRef = 7E71DE471CCDB646000B0214 /* testkeychainTests.m */; };
		7E71DE531CCDB646000B0214 /* testkeychainUITests.m in Sources */ = {isa = PBXBuildFile; fileRef = 7E71DE521CCDB646000B0214 /* testkeychainUITests.m */; };
/* End PBXBuildFile section */

/* Begin PBXContainerItemProxy section */
		7E71DE441CCDB646000B0214 /* PBXContainerItemProxy */ = {
			isa = PBXContainerItemProxy;
			containerPortal = 7E71DE221CCDB645000B0214 /* Project object */;
			proxyType = 1;
			remoteGlobalIDString = 7E71DE291CCDB645000B0214;
			remoteInfo = testkeychain;
		};
		7E71DE4F1CCDB646000B0214 /* PBXContainerItemProxy */ = {
			isa = PBXContainerItemProxy;
			containerPortal = 7E71DE221CCDB645000B0214 /* Project object */;
			proxyType = 1;
			remoteGlobalIDString = 7E71DE291CCDB645000B0214;
			remoteInfo = testkeychain;
		};
/* End PBXContainerItemProxy section */

/* Begin PBXFileReference section */
		7E71DE2A1CCDB645000B0214 /* testkeychain.app */ = {isa = PBXFileReference; explicitFileType = wrapper.application; includeInIndex = 0; path = testkeychain.app; sourceTree = BUILT_PRODUCTS_DIR; };
		7E71DE2E1CCDB645000B0214 /* main.m */ = {isa = PBXFileReference; lastKnownFileType = sourcecode.c.objc; path = main.m; sourceTree = "<group>"; };
		7E71DE301CCDB645000B0214 /* AppDelegate.h */ = {isa = PBXFileReference; lastKnownFileType = sourcecode.c.h; path = AppDelegate.h; sourceTree = "<group>"; };
		7E71DE311CCDB645000B0214 /* AppDelegate.m */ = {isa = PBXFileReference; lastKnownFileType = sourcecode.c.objc; path = AppDelegate.m; sourceTree = "<group>"; };
		7E71DE331CCDB645000B0214 /* ViewController.h */ = {isa = PBXFileReference; lastKnownFileType = sourcecode.c.h; path = ViewController.h; sourceTree = "<group>"; };
		7E71DE341CCDB645000B0214 /* ViewController.m */ = {isa = PBXFileReference; lastKnownFileType = sourcecode.c.objc; path = ViewController.m; sourceTree = "<group>"; };
		7E71DE371CCDB646000B0214 /* Base */ = {isa = PBXFileReference; lastKnownFileType = file.storyboard; name = Base; path = Base.lproj/Main.storyboard; sourceTree = "<group>"; };
		7E71DE391CCDB646000B0214 /* Assets.xcassets */ = {isa = PBXFileReference; lastKnownFileType = folder.assetcatalog; path = Assets.xcassets; sourceTree = "<group>"; };
		7E71DE3C1CCDB646000B0214 /* Base */ = {isa = PBXFileReference; lastKnownFileType = file.storyboard; name = Base; path = Base.lproj/LaunchScreen.storyboard; sourceTree = "<group>"; };
		7E71DE3E1CCDB646000B0214 /* Info.plist */ = {isa = PBXFileReference; lastKnownFileType = text.plist.xml; path = Info.plist; sourceTree = "<group>"; };
		7E71DE431CCDB646000B0214 /* testkeychainTests.xctest */ = {isa = PBXFileReference; explicitFileType = wrapper.cfbundle; includeInIndex = 0; path = testkeychainTests.xctest; sourceTree = BUILT_PRODUCTS_DIR; };
		7E71DE471CCDB646000B0214 /* testkeychainTests.m */ = {isa = PBXFileReference; lastKnownFileType = sourcecode.c.objc; path = testkeychainTests.m; sourceTree = "<group>"; };
		7E71DE491CCDB646000B0214 /* Info.plist */ = {isa = PBXFileReference; lastKnownFileType = text.plist.xml; path = Info.plist; sourceTree = "<group>"; };
		7E71DE4E1CCDB646000B0214 /* testkeychainUITests.xctest */ = {isa = PBXFileReference; explicitFileType = wrapper.cfbundle; includeInIndex = 0; path = testkeychainUITests.xctest; sourceTree = BUILT_PRODUCTS_DIR; };
		7E71DE521CCDB646000B0214 /* testkeychainUITests.m */ = {isa = PBXFileReference; lastKnownFileType = sourcecode.c.objc; path = testkeychainUITests.m; sourceTree = "<group>"; };
		7E71DE541CCDB646000B0214 /* Info.plist */ = {isa = PBXFileReference; lastKnownFileType = text.plist.xml; path = Info.plist; sourceTree = "<group>"; };
/* End PBXFileReference section */

/* Begin PBXFrameworksBuildPhase section */
		7E71DE271CCDB645000B0214 /* Frameworks */ = {
			isa = PBXFrameworksBuildPhase;
			buildActionMask = 2147483647;
			files = (
			);
			runOnlyForDeploymentPostprocessing = 0;
		};
		7E71DE401CCDB646000B0214 /* Frameworks */ = {
			isa = PBXFrameworksBuildPhase;
			buildActionMask = 2147483647;
			files = (
			);
			runOnlyForDeploymentPostprocessing = 0;
		};
		7E71DE4B1CCDB646000B0214 /* Frameworks */ = {
			isa = PBXFrameworksBuildPhase;
			buildActionMask = 2147483647;
			files = (
			);
			runOnlyForDeploymentPostprocessing = 0;
		};
/* End PBXFrameworksBuildPhase section */

/* Begin PBXGroup section */
		7E71DE211CCDB645000B0214 = {
			isa = PBXGroup;
			children = (
				7E71DE2C1CCDB645000B0214 /* testkeychain */,
				7E71DE461CCDB646000B0214 /* testkeychainTests */,
				7E71DE511CCDB646000B0214 /* testkeychainUITests */,
				7E71DE2B1CCDB645000B0214 /* Products */,
			);
			sourceTree = "<group>";
		};
		7E71DE2B1CCDB645000B0214 /* Products */ = {
			isa = PBXGroup;
			children = (
				7E71DE2A1CCDB645000B0214 /* testkeychain.app */,
				7E71DE431CCDB646000B0214 /* testkeychainTests.xctest */,
				7E71DE4E1CCDB646000B0214 /* testkeychainUITests.xctest */,
			);
			name = Products;
			sourceTree = "<group>";
		};
		7E71DE2C1CCDB645000B0214 /* testkeychain */ = {
			isa = PBXGroup;
			children = (
				7E71DE301CCDB645000B0214 /* AppDelegate.h */,
				7E71DE311CCDB645000B0214 /* AppDelegate.m */,
				7E71DE331CCDB645000B0214 /* ViewController.h */,
				7E71DE341CCDB645000B0214 /* ViewController.m */,
				7E71DE361CCDB646000B0214 /* Main.storyboard */,
				7E71DE391CCDB646000B0214 /* Assets.xcassets */,
				7E71DE3B1CCDB646000B0214 /* LaunchScreen.storyboard */,
				7E71DE3E1CCDB646000B0214 /* Info.plist */,
				7E71DE2D1CCDB645000B0214 /* Supporting Files */,
			);
			path = testkeychain;
			sourceTree = "<group>";
		};
		7E71DE2D1CCDB645000B0214 /* Supporting Files */ = {
			isa = PBXGroup;
			children = (
				7E71DE2E1CCDB645000B0214 /* main.m */,
			);
			name = "Supporting Files";
			sourceTree = "<group>";
		};
		7E71DE461CCDB646000B0214 /* testkeychainTests */ = {
			isa = PBXGroup;
			children = (
				7E71DE471CCDB646000B0214 /* testkeychainTests.m */,
				7E71DE491CCDB646000B0214 /* Info.plist */,
			);
			path = testkeychainTests;
			sourceTree = "<group>";
		};
		7E71DE511CCDB646000B0214 /* testkeychainUITests */ = {
			isa = PBXGroup;
			children = (
				7E71DE521CCDB646000B0214 /* testkeychainUITests.m */,
				7E71DE541CCDB646000B0214 /* Info.plist */,
			);
			path = testkeychainUITests;
			sourceTree = "<group>";
		};
/* End PBXGroup section */

/* Begin PBXNativeTarget section */
		7E71DE291CCDB645000B0214 /* testkeychain */ = {
			isa = PBXNativeTarget;
			buildConfigurationList = 7E71DE571CCDB646000B0214 /* Build configuration list for PBXNativeTarget "testkeychain" */;
			buildPhases = (
				7E71DE261CCDB645000B0214 /* Sources */,
				7E71DE271CCDB645000B0214 /* Frameworks */,
				7E71DE281CCDB645000B0214 /* Resources */,
			);
			buildRules = (
			);
			dependencies = (
			);
			name = testkeychain;
			productName = testkeychain;
			productReference = 7E71DE2A1CCDB645000B0214 /* testkeychain.app */;
			productType = "com.apple.product-type.application";
		};
		7E71DE421CCDB646000B0214 /* testkeychainTests */ = {
			isa = PBXNativeTarget;
			buildConfigurationList = 7E71DE5A1CCDB646000B0214 /* Build configuration list for PBXNativeTarget "testkeychainTests" */;
			buildPhases = (
				7E71DE3F1CCDB646000B0214 /* Sources */,
				7E71DE401CCDB646000B0214 /* Frameworks */,
				7E71DE411CCDB646000B0214 /* Resources */,
			);
			buildRules = (
			);
			dependencies = (
				7E71DE451CCDB646000B0214 /* PBXTargetDependency */,
			);
			name = testkeychainTests;
			productName = testkeychainTests;
			productReference = 7E71DE431CCDB646000B0214 /* testkeychainTests.xctest */;
			productType = "com.apple.product-type.bundle.unit-test";
		};
		7E71DE4D1CCDB646000B0214 /* testkeychainUITests */ = {
			isa = PBXNativeTarget;
			buildConfigurationList = 7E71DE5D1CCDB646000B0214 /* Build configuration list for PBXNativeTarget "testkeychainUITests" */;
			buildPhases = (
				7E71DE4A1CCDB646000B0214 /* Sources */,
				7E71DE4B1CCDB646000B0214 /* Frameworks */,
				7E71DE4C1CCDB646000B0214 /* Resources */,
			);
			buildRules = (
			);
			dependencies = (
				7E71DE501CCDB646000B0214 /* PBXTargetDependency */,
			);
			name = testkeychainUITests;
			productName = testkeychainUITests;
			productReference = 7E71DE4E1CCDB646000B0214 /* testkeychainUITests.xctest */;
			productType = "com.apple.product-type.bundle.ui-testing";
		};
/* End PBXNativeTarget section */

/* Begin PBXProject section */
		7E71DE221CCDB645000B0214 /* Project object */ = {
			isa = PBXProject;
			attributes = {
				LastUpgradeCheck = 0730;
				ORGANIZATIONNAME = cmf;
				TargetAttributes = {
					7E71DE291CCDB645000B0214 = {
						CreatedOnToolsVersion = 7.3;
					};
					7E71DE421CCDB646000B0214 = {
						CreatedOnToolsVersion = 7.3;
						TestTargetID = 7E71DE291CCDB645000B0214;
					};
					7E71DE4D1CCDB646000B0214 = {
						CreatedOnToolsVersion = 7.3;
						TestTargetID = 7E71DE291CCDB645000B0214;
					};
				};
			};
			buildConfigurationList = 7E71DE251CCDB645000B0214 /* Build configuration list for PBXProject "testkeychain" */;
			compatibilityVersion = "Xcode 3.2";
			developmentRegion = English;
			hasScannedForEncodings = 0;
			knownRegions = (
				en,
				Base,
			);
			mainGroup = 7E71DE211CCDB645000B0214;
			productRefGroup = 7E71DE2B1CCDB645000B0214 /* Products */;
			projectDirPath = "";
			projectRoot = "";
			targets = (
				7E71DE291CCDB645000B0214 /* testkeychain */,
				7E71DE421CCDB646000B0214 /* testkeychainTests */,
				7E71DE4D1CCDB646000B0214 /* testkeychainUITests */,
			);
		};
/* End PBXProject section */

/* Begin PBXResourcesBuildPhase section */
		7E71DE281CCDB645000B0214 /* Resources */ = {
			isa = PBXResourcesBuildPhase;
			buildActionMask = 2147483647;
			files = (
				7E71DE3D1CCDB646000B0214 /* LaunchScreen.storyboard in Resources */,
				7E71DE3A1CCDB646000B0214 /* Assets.xcassets in Resources */,
				7E71DE381CCDB646000B0214 /* Main.storyboard in Resources */,
			);
			runOnlyForDeploymentPostprocessing = 0;
		};
		7E71DE411CCDB646000B0214 /* Resources */ = {
			isa = PBXResourcesBuildPhase;
			buildActionMask = 2147483647;
			files = (
			);
			runOnlyForDeploymentPostprocessing = 0;
		};
		7E71DE4C1CCDB646000B0214 /* Resources */ = {
			isa = PBXResourcesBuildPhase;
			buildActionMask = 2147483647;
			files = (
			);
			runOnlyForDeploymentPostprocessing = 0;
		};
/* End PBXResourcesBuildPhase section */

/* Begin PBXSourcesBuildPhase section */
		7E71DE261CCDB645000B0214 /* Sources */ = {
			isa = PBXSourcesBuildPhase;
			buildActionMask = 2147483647;
			files = (
				7E71DE351CCDB645000B0214 /* ViewController.m in Sources */,
				7E71DE321CCDB645000B0214 /* AppDelegate.m in Sources */,
				7E71DE2F1CCDB645000B0214 /* main.m in Sources */,
			);
			runOnlyForDeploymentPostprocessing = 0;
		};
		7E71DE3F1CCDB646000B0214 /* Sources */ = {
			isa = PBXSourcesBuildPhase;
			buildActionMask = 2147483647;
			files = (
				7E71DE481CCDB646000B0214 /* testkeychainTests.m in Sources */,
			);
			runOnlyForDeploymentPostprocessing = 0;
		};
		7E71DE4A1CCDB646000B0214 /* Sources */ = {
			isa = PBXSourcesBuildPhase;
			buildActionMask = 2147483647;
			files = (
				7E71DE531CCDB646000B0214 /* testkeychainUITests.m in Sources */,
			);
			runOnlyForDeploymentPostprocessing = 0;
		};
/* End PBXSourcesBuildPhase section */

/* Begin PBXTargetDependency section */
		7E71DE451CCDB646000B0214 /* PBXTargetDependency */ = {
			isa = PBXTargetDependency;
			target = 7E71DE291CCDB645000B0214 /* testkeychain */;
			targetProxy = 7E71DE441CCDB646000B0214 /* PBXContainerItemProxy */;
		};
		7E71DE501CCDB646000B0214 /* PBXTargetDependency */ = {
			isa = PBXTargetDependency;
			target = 7E71DE291CCDB645000B0214 /* testkeychain */;
			targetProxy = 7E71DE4F1CCDB646000B0214 /* PBXContainerItemProxy */;
		};
/* End PBXTargetDependency section */

/* Begin PBXVariantGroup section */
		7E71DE361CCDB646000B0214 /* Main.storyboard */ = {
			isa = PBXVariantGroup;
			children = (
				7E71DE371CCDB646000B0214 /* Base */,
			);
			name = Main.storyboard;
			sourceTree = "<group>";
		};
		7E71DE3B1CCDB646000B0214 /* LaunchScreen.storyboard */ = {
			isa = PBXVariantGroup;
			children = (
				7E71DE3C1CCDB646000B0214 /* Base */,
			);
			name = LaunchScreen.storyboard;
			sourceTree = "<group>";
		};
/* End PBXVariantGroup section */

/* Begin XCBuildConfiguration section */
		7E71DE551CCDB646000B0214 /* Debug */ = {
			isa = XCBuildConfiguration;
			buildSettings = {
				ALWAYS_SEARCH_USER_PATHS = NO;
				CLANG_ANALYZER_NONNULL = YES;
				CLANG_CXX_LANGUAGE_STANDARD = "gnu++0x";
				CLANG_CXX_LIBRARY = "libc++";
				CLANG_ENABLE_MODULES = YES;
				CLANG_ENABLE_OBJC_ARC = YES;
				CLANG_WARN_BOOL_CONVERSION = YES;
				CLANG_WARN_CONSTANT_CONVERSION = YES;
				CLANG_WARN_DIRECT_OBJC_ISA_USAGE = YES_ERROR;
				CLANG_WARN_EMPTY_BODY = YES;
				CLANG_WARN_ENUM_CONVERSION = YES;
				CLANG_WARN_INT_CONVERSION = YES;
				CLANG_WARN_OBJC_ROOT_CLASS = YES_ERROR;
				CLANG_WARN_UNREACHABLE_CODE = YES;
				CLANG_WARN__DUPLICATE_METHOD_MATCH = YES;
				"CODE_SIGN_IDENTITY[sdk=iphoneos*]" = "iPhone Developer";
				COPY_PHASE_STRIP = NO;
				DEBUG_INFORMATION_FORMAT = dwarf;
				ENABLE_STRICT_OBJC_MSGSEND = YES;
				ENABLE_TESTABILITY = YES;
				GCC_C_LANGUAGE_STANDARD = gnu99;
				GCC_DYNAMIC_NO_PIC = NO;
				GCC_NO_COMMON_BLOCKS = YES;
				GCC_OPTIMIZATION_LEVEL = 0;
				GCC_PREPROCESSOR_DEFINITIONS = (
					"DEBUG=1",
					"$(inherited)",
				);
				GCC_WARN_64_TO_32_BIT_CONVERSION = YES;
				GCC_WARN_ABOUT_RETURN_TYPE = YES_ERROR;
				GCC_WARN_UNDECLARED_SELECTOR = YES;
				GCC_WARN_UNINITIALIZED_AUTOS = YES_AGGRESSIVE;
				GCC_WARN_UNUSED_FUNCTION = YES;
				GCC_WARN_UNUSED_VARIABLE = YES;
				IPHONEOS_DEPLOYMENT_TARGET = 9.3;
				MTL_ENABLE_DEBUG_INFO = YES;
				ONLY_ACTIVE_ARCH = YES;
				SDKROOT = iphoneos;
			};
			name = Debug;
		};
		7E71DE561CCDB646000B0214 /* Release */ = {
			isa = XCBuildConfiguration;
			buildSettings = {
				ALWAYS_SEARCH_USER_PATHS = NO;
				CLANG_ANALYZER_NONNULL = YES;
				CLANG_CXX_LANGUAGE_STANDARD = "gnu++0x";
				CLANG_CXX_LIBRARY = "libc++";
				CLANG_ENABLE_MODULES = YES;
				CLANG_ENABLE_OBJC_ARC = YES;
				CLANG_WARN_BOOL_CONVERSION = YES;
				CLANG_WARN_CONSTANT_CONVERSION = YES;
				CLANG_WARN_DIRECT_OBJC_ISA_USAGE = YES_ERROR;
				CLANG_WARN_EMPTY_BODY = YES;
				CLANG_WARN_ENUM_CONVERSION = YES;
				CLANG_WARN_INT_CONVERSION = YES;
				CLANG_WARN_OBJC_ROOT_CLASS = YES_ERROR;
				CLANG_WARN_UNREACHABLE_CODE = YES;
				CLANG_WARN__DUPLICATE_METHOD_MATCH = YES;
				"CODE_SIGN_IDENTITY[sdk=iphoneos*]" = "iPhone Developer";
				COPY_PHASE_STRIP = NO;
				DEBUG_INFORMATION_FORMAT = "dwarf-with-dsym";
				ENABLE_NS_ASSERTIONS = NO;
				ENABLE_STRICT_OBJC_MSGSEND = YES;
				GCC_C_LANGUAGE_STANDARD = gnu99;
				GCC_NO_COMMON_BLOCKS = YES;
				GCC_WARN_64_TO_32_BIT_CONVERSION = YES;
				GCC_WARN_ABOUT_RETURN_TYPE = YES_ERROR;
				GCC_WARN_UNDECLARED_SELECTOR = YES;
				GCC_WARN_UNINITIALIZED_AUTOS = YES_AGGRESSIVE;
				GCC_WARN_UNUSED_FUNCTION = YES;
				GCC_WARN_UNUSED_VARIABLE = YES;
				IPHONEOS_DEPLOYMENT_TARGET = 9.3;
				MTL_ENABLE_DEBUG_INFO = NO;
				SDKROOT = iphoneos;
				VALIDATE_PRODUCT = YES;
			};
			name = Release;
		};
		7E71DE581CCDB646000B0214 /* Debug */ = {
			isa = XCBuildConfiguration;
			buildSettings = {
				ASSETCATALOG_COMPILER_APPICON_NAME = AppIcon;
				INFOPLIST_FILE = testkeychain/Info.plist;
				LD_RUNPATH_SEARCH_PATHS = "$(inherited) @executable_path/Frameworks";
				PRODUCT_BUNDLE_IDENTIFIER = com.zhytest.test;
				PRODUCT_NAME = "$(TARGET_NAME)";
			};
			name = Debug;
		};
		7E71DE591CCDB646000B0214 /* Release */ = {
			isa = XCBuildConfiguration;
			buildSettings = {
				ASSETCATALOG_COMPILER_APPICON_NAME = AppIcon;
				INFOPLIST_FILE = testkeychain/Info.plist;
				LD_RUNPATH_SEARCH_PATHS = "$(inherited) @executable_path/Frameworks";
				PRODUCT_BUNDLE_IDENTIFIER = com.zhytest.test;
				PRODUCT_NAME = "$(TARGET_NAME)";
			};
			name = Release;
		};
		7E71DE5B1CCDB646000B0214 /* Debug */ = {
			isa = XCBuildConfiguration;
			buildSettings = {
				BUNDLE_LOADER = "$(TEST_HOST)";
				INFOPLIST_FILE = testkeychainTests/Info.plist;
				LD_RUNPATH_SEARCH_PATHS = "$(inherited) @executable_path/Frameworks @loader_path/Frameworks";
				PRODUCT_BUNDLE_IDENTIFIER = com.cmf.testkeychain.testkeychainTests;
				PRODUCT_NAME = "$(TARGET_NAME)";
				TEST_HOST = "$(BUILT_PRODUCTS_DIR)/testkeychain.app/testkeychain";
			};
			name = Debug;
		};
		7E71DE5C1CCDB646000B0214 /* Release */ = {
			isa = XCBuildConfiguration;
			buildSettings = {
				BUNDLE_LOADER = "$(TEST_HOST)";
				INFOPLIST_FILE = testkeychainTests/Info.plist;
				LD_RUNPATH_SEARCH_PATHS = "$(inherited) @executable_path/Frameworks @loader_path/Frameworks";
				PRODUCT_BUNDLE_IDENTIFIER = com.cmf.testkeychain.testkeychainTests;
				PRODUCT_NAME = "$(TARGET_NAME)";
				TEST_HOST = "$(BUILT_PRODUCTS_DIR)/testkeychain.app/testkeychain";
			};
			name = Release;
		};
		7E71DE5E1CCDB646000B0214 /* Debug */ = {
			isa = XCBuildConfiguration;
			buildSettings = {
				INFOPLIST_FILE = testkeychainUITests/Info.plist;
				LD_RUNPATH_SEARCH_PATHS = "$(inherited) @executable_path/Frameworks @loader_path/Frameworks";
				PRODUCT_BUNDLE_IDENTIFIER = com.cmf.testkeychain.testkeychainUITests;
				PRODUCT_NAME = "$(TARGET_NAME)";
				TEST_TARGET_NAME = testkeychain;
			};
			name = Debug;
		};
		7E71DE5F1CCDB646000B0214 /* Release */ = {
			isa = XCBuildConfiguration;
			buildSettings = {
				INFOPLIST_FILE = testkeychainUITests/Info.plist;
				LD_RUNPATH_SEARCH_PATHS = "$(inherited) @executable_path/Frameworks @loader_path/Frameworks";
				PRODUCT_BUNDLE_IDENTIFIER = com.cmf.testkeychain.testkeychainUITests;
				PRODUCT_NAME = "$(TARGET_NAME)";
				TEST_TARGET_NAME = testkeychain;
			};
			name = Release;
		};
/* End XCBuildConfiguration section */

/* Begin XCConfigurationList section */
		7E71DE251CCDB645000B0214 /* Build configuration list for PBXProject "testkeychain" */ = {
			isa = XCConfigurationList;
			buildConfigurations = (
				7E71DE551CCDB646000B0214 /* Debug */,
				7E71DE561CCDB646000B0214 /* Release */,
			);
			defaultConfigurationIsVisible = 0;
			defaultConfigurationName = Release;
		};
		7E71DE571CCDB646000B0214 /* Build configuration list for PBXNativeTarget "testkeychain" */ = {
			isa = XCConfigurationList;
			buildConfigurations = (
				7E71DE581CCDB646000B0214 /* Debug */,
				7E71DE591CCDB646000B0214 /* Release */,
			);
			defaultConfigurationIsVisible = 0;
		};
		7E71DE5A1CCDB646000B0214 /* Build configuration list for PBXNativeTarget "testkeychainTests" */ = {
			isa = XCConfigurationList;
			buildConfigurations = (
				7E71DE5B1CCDB646000B0214 /* Debug */,
				7E71DE5C1CCDB646000B0214 /* Release */,
			);
			defaultConfigurationIsVisible = 0;
		};
		7E71DE5D1CCDB646000B0214 /* Build configuration list for PBXNativeTarget "testkeychainUITests" */ = {
			isa = XCConfigurationList;
			buildConfigurations = (
				7E71DE5E1CCDB646000B0214 /* Debug */,
				7E71DE5F1CCDB646000B0214 /* Release */,
			);
			defaultConfigurationIsVisible = 0;
		};
/* End XCConfigurationList section */
	};
	rootObject = 7E71DE221CCDB645000B0214 /* Project object */;
}
